{
  "object": {
    "pins": [
      {
        "package": "AnyCodable",
        "repositoryURL": "https://github.com/Flight-School/AnyCodable",
        "state": {
          "branch": null,
          "revision": "b1a7a8a6186f2fcb28f7bda67cfc545de48b3c80",
          "version": "0.6.2"
        }
      },
      {
        "package": "AsyncOptional",
        "repositoryURL": "https://github.com/Fleuronic/AsyncOptional",
        "state": {
          "branch": null,
          "revision": "2a24038b33802e0553ac42c2953a4218752959e6",
          "version": "0.1.6"
        }
      }
    ]
  },
  "version": 1
}
