{
  "object": {
    "pins": [
      {
        "package": "AnyCodable",
        "repositoryURL": "https://github.com/Flight-School/AnyCodable",
        "state": {
          "branch": null,
          "revision": "b1a7a8a6186f2fcb28f7bda67cfc545de48b3c80",
          "version": "0.6.2"
        }
      },
      {
        "package": "AsyncOptional",
        "repositoryURL": "https://github.com/Fleuronic/AsyncOptional",
        "state": {
          "branch": null,
          "revision": "18812e11fd35ae8ae7235243c64262b6d8c768bf",
          "version": "0.1.4"
        }
      }
    ]
  },
  "version": 1
}
